# -------------------------------------------------------------------------- #
#
# Copyright (C) 2017  Intel Corporation. All rights reserved.
# Your use of Intel Corporation's design tools, logic functions 
# and other software and tools, and its AMPP partner logic 
# functions, and any output files from any of the foregoing 
# (including device programming or simulation files), and any 
# associated documentation or information are expressly subject 
# to the terms and conditions of the Intel Program License 
# Subscription Agreement, the Intel Quartus Prime License Agreement,
# the Intel MegaCore Function License Agreement, or other 
# applicable license agreement, including, without limitation, 
# that your use is for the sole purpose of programming logic 
# devices manufactured by Intel and sold by Intel or its 
# authorized distributors.  Please refer to the applicable 
# agreement for further details.
#
# -------------------------------------------------------------------------- #
#
# Quartus Prime
# Version 17.0.0 Build 595 04/25/2017 SJ Lite Edition
# Date created = 17:11:29  May 04, 2021
#
# -------------------------------------------------------------------------- #
#
# Notes:
#
# 1) The default values for assignments are stored in the file:
#		prfx1_test03_rx_assignment_defaults.qdf
#    If this file doesn't exist, see file:
#		assignment_defaults.qdf
#
# 2) Altera recommends that you do not modify this file. This
#    file is updated automatically by the Quartus Prime software
#    and any changes you make may be lost or overwritten.
#
# -------------------------------------------------------------------------- #


set_global_assignment -name FAMILY "Cyclone IV E"
set_global_assignment -name DEVICE EP4CE22E22C8
set_global_assignment -name TOP_LEVEL_ENTITY prfx1_test03_rx
set_global_assignment -name ORIGINAL_QUARTUS_VERSION 17.0.0
set_global_assignment -name PROJECT_CREATION_TIME_DATE "17:11:29  MAY 04, 2021"
set_global_assignment -name LAST_QUARTUS_VERSION "17.0.0 Lite Edition"
set_global_assignment -name PROJECT_OUTPUT_DIRECTORY output_files
set_global_assignment -name MIN_CORE_JUNCTION_TEMP 0
set_global_assignment -name MAX_CORE_JUNCTION_TEMP 85
set_global_assignment -name ERROR_CHECK_FREQUENCY_DIVISOR 1
set_global_assignment -name NOMINAL_CORE_SUPPLY_VOLTAGE 1.2V
set_global_assignment -name EDA_SIMULATION_TOOL "ModelSim-Altera (VHDL)"
set_global_assignment -name EDA_TIME_SCALE "1 ps" -section_id eda_simulation
set_global_assignment -name EDA_OUTPUT_DATA_FORMAT VHDL -section_id eda_simulation
set_global_assignment -name POWER_PRESET_COOLING_SOLUTION "23 MM HEAT SINK WITH 200 LFPM AIRFLOW"
set_global_assignment -name POWER_BOARD_THERMAL_MODEL "NONE (CONSERVATIVE)"
set_global_assignment -name PARTITION_NETLIST_TYPE SOURCE -section_id Top
set_global_assignment -name PARTITION_FITTER_PRESERVATION_LEVEL PLACEMENT_AND_ROUTING -section_id Top
set_global_assignment -name PARTITION_COLOR 16764057 -section_id Top


set_instance_assignment -name IO_STANDARD "3.3-V LVCMOS" -to clk16m
set_instance_assignment -name IO_STANDARD "3.3-V LVCMOS" -to clk5m
set_instance_assignment -name IO_STANDARD "3.3-V LVCMOS" -to led1
set_instance_assignment -name IO_STANDARD "3.3-V LVCMOS" -to led2
set_instance_assignment -name IO_STANDARD "3.3-V LVCMOS" -to led3
set_instance_assignment -name IO_STANDARD "3.3-V LVCMOS" -to sw1
set_instance_assignment -name IO_STANDARD "3.3-V LVCMOS" -to sw2

set_instance_assignment -name IO_STANDARD "3.3-V LVCMOS" -to attn_oe
set_instance_assignment -name IO_STANDARD "3.3-V LVCMOS" -to attn[4]
set_instance_assignment -name IO_STANDARD "3.3-V LVCMOS" -to attn[3]
set_instance_assignment -name IO_STANDARD "3.3-V LVCMOS" -to attn[2]
set_instance_assignment -name IO_STANDARD "3.3-V LVCMOS" -to attn[1]
set_instance_assignment -name IO_STANDARD "3.3-V LVCMOS" -to attn[0]

set_instance_assignment -name IO_STANDARD "3.3-V LVCMOS" -to adc[11]
set_instance_assignment -name IO_STANDARD "3.3-V LVCMOS" -to adc[10]
set_instance_assignment -name IO_STANDARD "3.3-V LVCMOS" -to adc[9]
set_instance_assignment -name IO_STANDARD "3.3-V LVCMOS" -to adc[8]
set_instance_assignment -name IO_STANDARD "3.3-V LVCMOS" -to adc[7]
set_instance_assignment -name IO_STANDARD "3.3-V LVCMOS" -to adc[6]
set_instance_assignment -name IO_STANDARD "3.3-V LVCMOS" -to adc[5]
set_instance_assignment -name IO_STANDARD "3.3-V LVCMOS" -to adc[4]
set_instance_assignment -name IO_STANDARD "3.3-V LVCMOS" -to adc[3]
set_instance_assignment -name IO_STANDARD "3.3-V LVCMOS" -to adc[2]
set_instance_assignment -name IO_STANDARD "3.3-V LVCMOS" -to adc[1]
set_instance_assignment -name IO_STANDARD "3.3-V LVCMOS" -to adc[0]
set_instance_assignment -name IO_STANDARD "3.3-V LVCMOS" -to adc_clk

set_instance_assignment -name IO_STANDARD "3.3-V LVCMOS" -to spiclk
set_instance_assignment -name IO_STANDARD "3.3-V LVCMOS" -to sdi
set_instance_assignment -name IO_STANDARD "3.3-V LVCMOS" -to spics_pll

set_instance_assignment -name IO_STANDARD "3.3-V LVCMOS" -to uart_out

set_location_assignment PIN_23 -to clk16m
set_location_assignment PIN_44 -to clk5m
set_location_assignment PIN_31 -to sw1
set_location_assignment PIN_30 -to sw2
set_location_assignment PIN_69 -to led1
set_location_assignment PIN_71 -to led2
set_location_assignment PIN_72 -to led3

set_location_assignment PIN_110 -to attn_oe
set_location_assignment PIN_114 -to attn[4]
set_location_assignment PIN_111 -to attn[3]
set_location_assignment PIN_106 -to attn[2]
set_location_assignment PIN_105 -to attn[1]
set_location_assignment PIN_104 -to attn[0]

set_location_assignment PIN_76 -to adc[11]
set_location_assignment PIN_77 -to adc[10]
set_location_assignment PIN_80 -to adc[9]
set_location_assignment PIN_85 -to adc[7]
set_location_assignment PIN_83 -to adc[8]
set_location_assignment PIN_86 -to adc[6]
set_location_assignment PIN_87 -to adc[5]
set_location_assignment PIN_98 -to adc[4]
set_location_assignment PIN_99 -to adc[3]
set_location_assignment PIN_100 -to adc[2]
set_location_assignment PIN_101 -to adc[1]
set_location_assignment PIN_103 -to adc[0]
set_location_assignment PIN_112 -to adc_clk

set_location_assignment PIN_10 -to spiclk
set_location_assignment PIN_7 -to sdi
set_location_assignment PIN_11 -to spics_pll

set_location_assignment PIN_32 -to uart_out

# need this for pin_101 conflicts.
set_global_assignment -name CYCLONEII_RESERVE_NCEO_AFTER_CONFIGURATION "USE AS REGULAR IO"

set_global_assignment -name ENABLE_SIGNALTAP ON
set_global_assignment -name USE_SIGNALTAP_FILE prfx1_test03_rx.stp
set_global_assignment -name SLD_NODE_CREATOR_ID 110 -section_id auto_signaltap_0
set_global_assignment -name SLD_NODE_ENTITY_NAME sld_signaltap -section_id auto_signaltap_0
set_instance_assignment -name CONNECT_TO_SLD_NODE_ENTITY_PORT acq_clk -to clk5m -section_id auto_signaltap_0
set_global_assignment -name SLD_NODE_PARAMETER_ASSIGNMENT "SLD_RAM_BLOCK_TYPE=AUTO" -section_id auto_signaltap_0
set_global_assignment -name SLD_NODE_PARAMETER_ASSIGNMENT "SLD_NODE_INFO=805334528" -section_id auto_signaltap_0
set_global_assignment -name SLD_NODE_PARAMETER_ASSIGNMENT "SLD_POWER_UP_TRIGGER=0" -section_id auto_signaltap_0
set_global_assignment -name SLD_NODE_PARAMETER_ASSIGNMENT "SLD_STORAGE_QUALIFIER_INVERSION_MASK_LENGTH=0" -section_id auto_signaltap_0
set_global_assignment -name SLD_NODE_PARAMETER_ASSIGNMENT "SLD_ATTRIBUTE_MEM_MODE=OFF" -section_id auto_signaltap_0
set_global_assignment -name SLD_NODE_PARAMETER_ASSIGNMENT "SLD_STATE_FLOW_USE_GENERATED=0" -section_id auto_signaltap_0
set_global_assignment -name SLD_NODE_PARAMETER_ASSIGNMENT "SLD_STATE_BITS=11" -section_id auto_signaltap_0
set_global_assignment -name SLD_NODE_PARAMETER_ASSIGNMENT "SLD_BUFFER_FULL_STOP=1" -section_id auto_signaltap_0
set_global_assignment -name SLD_NODE_PARAMETER_ASSIGNMENT "SLD_CURRENT_RESOURCE_WIDTH=1" -section_id auto_signaltap_0
set_global_assignment -name SLD_NODE_PARAMETER_ASSIGNMENT "SLD_INCREMENTAL_ROUTING=1" -section_id auto_signaltap_0
set_instance_assignment -name POST_FIT_CONNECT_TO_SLD_NODE_ENTITY_PORT crc[14] -to auto_signaltap_0|gnd -section_id auto_signaltap_0
set_global_assignment -name SLD_NODE_PARAMETER_ASSIGNMENT "SLD_TRIGGER_LEVEL=1" -section_id auto_signaltap_0
set_global_assignment -name SLD_NODE_PARAMETER_ASSIGNMENT "SLD_TRIGGER_IN_ENABLED=0" -section_id auto_signaltap_0
set_global_assignment -name SLD_NODE_PARAMETER_ASSIGNMENT "SLD_TRIGGER_PIPELINE=0" -section_id auto_signaltap_0
set_global_assignment -name SLD_NODE_PARAMETER_ASSIGNMENT "SLD_RAM_PIPELINE=0" -section_id auto_signaltap_0
set_global_assignment -name SLD_NODE_PARAMETER_ASSIGNMENT "SLD_COUNTER_PIPELINE=0" -section_id auto_signaltap_0
set_global_assignment -name SLD_NODE_PARAMETER_ASSIGNMENT "SLD_ADVANCED_TRIGGER_ENTITY=basic,1," -section_id auto_signaltap_0
set_global_assignment -name SLD_NODE_PARAMETER_ASSIGNMENT "SLD_TRIGGER_LEVEL_PIPELINE=1" -section_id auto_signaltap_0
set_global_assignment -name SLD_NODE_PARAMETER_ASSIGNMENT "SLD_ENABLE_ADVANCED_TRIGGER=0" -section_id auto_signaltap_0
set_global_assignment -name SLD_NODE_PARAMETER_ASSIGNMENT "SLD_SEGMENT_SIZE=2048" -section_id auto_signaltap_0
set_global_assignment -name SLD_NODE_PARAMETER_ASSIGNMENT "SLD_SAMPLE_DEPTH=2048" -section_id auto_signaltap_0
set_instance_assignment -name POST_FIT_CONNECT_TO_SLD_NODE_ENTITY_PORT crc[25] -to auto_signaltap_0|gnd -section_id auto_signaltap_0
set_instance_assignment -name POST_FIT_CONNECT_TO_SLD_NODE_ENTITY_PORT crc[4] -to auto_signaltap_0|vcc -section_id auto_signaltap_0
set_instance_assignment -name POST_FIT_CONNECT_TO_SLD_NODE_ENTITY_PORT crc[8] -to auto_signaltap_0|gnd -section_id auto_signaltap_0
set_instance_assignment -name POST_FIT_CONNECT_TO_SLD_NODE_ENTITY_PORT crc[12] -to auto_signaltap_0|gnd -section_id auto_signaltap_0
set_instance_assignment -name POST_FIT_CONNECT_TO_SLD_NODE_ENTITY_PORT crc[2] -to auto_signaltap_0|vcc -section_id auto_signaltap_0
set_instance_assignment -name POST_FIT_CONNECT_TO_SLD_NODE_ENTITY_PORT crc[5] -to auto_signaltap_0|vcc -section_id auto_signaltap_0
set_instance_assignment -name POST_FIT_CONNECT_TO_SLD_NODE_ENTITY_PORT crc[11] -to auto_signaltap_0|gnd -section_id auto_signaltap_0
set_instance_assignment -name POST_FIT_CONNECT_TO_SLD_NODE_ENTITY_PORT crc[16] -to auto_signaltap_0|gnd -section_id auto_signaltap_0
set_instance_assignment -name POST_FIT_CONNECT_TO_SLD_NODE_ENTITY_PORT crc[17] -to auto_signaltap_0|vcc -section_id auto_signaltap_0
set_instance_assignment -name POST_FIT_CONNECT_TO_SLD_NODE_ENTITY_PORT crc[19] -to auto_signaltap_0|gnd -section_id auto_signaltap_0
set_instance_assignment -name POST_FIT_CONNECT_TO_SLD_NODE_ENTITY_PORT crc[20] -to auto_signaltap_0|vcc -section_id auto_signaltap_0
set_instance_assignment -name POST_FIT_CONNECT_TO_SLD_NODE_ENTITY_PORT crc[6] -to auto_signaltap_0|gnd -section_id auto_signaltap_0
set_instance_assignment -name POST_FIT_CONNECT_TO_SLD_NODE_ENTITY_PORT crc[9] -to auto_signaltap_0|vcc -section_id auto_signaltap_0
set_instance_assignment -name CONNECT_TO_SLD_NODE_ENTITY_PORT acq_trigger_in[0] -to raw_adc[0] -section_id auto_signaltap_0
set_instance_assignment -name CONNECT_TO_SLD_NODE_ENTITY_PORT acq_trigger_in[1] -to raw_adc[10] -section_id auto_signaltap_0
set_instance_assignment -name CONNECT_TO_SLD_NODE_ENTITY_PORT acq_trigger_in[2] -to raw_adc[11] -section_id auto_signaltap_0
set_instance_assignment -name CONNECT_TO_SLD_NODE_ENTITY_PORT acq_trigger_in[3] -to raw_adc[1] -section_id auto_signaltap_0
set_instance_assignment -name CONNECT_TO_SLD_NODE_ENTITY_PORT acq_trigger_in[4] -to raw_adc[2] -section_id auto_signaltap_0
set_instance_assignment -name CONNECT_TO_SLD_NODE_ENTITY_PORT acq_trigger_in[5] -to raw_adc[3] -section_id auto_signaltap_0
set_instance_assignment -name CONNECT_TO_SLD_NODE_ENTITY_PORT acq_trigger_in[6] -to raw_adc[4] -section_id auto_signaltap_0
set_instance_assignment -name CONNECT_TO_SLD_NODE_ENTITY_PORT acq_trigger_in[7] -to raw_adc[5] -section_id auto_signaltap_0
set_instance_assignment -name CONNECT_TO_SLD_NODE_ENTITY_PORT acq_trigger_in[8] -to raw_adc[6] -section_id auto_signaltap_0
set_instance_assignment -name CONNECT_TO_SLD_NODE_ENTITY_PORT acq_trigger_in[9] -to raw_adc[7] -section_id auto_signaltap_0
set_instance_assignment -name CONNECT_TO_SLD_NODE_ENTITY_PORT acq_trigger_in[10] -to raw_adc[8] -section_id auto_signaltap_0
set_instance_assignment -name CONNECT_TO_SLD_NODE_ENTITY_PORT acq_trigger_in[11] -to raw_adc[9] -section_id auto_signaltap_0
set_instance_assignment -name POST_FIT_CONNECT_TO_SLD_NODE_ENTITY_PORT crc[0] -to auto_signaltap_0|vcc -section_id auto_signaltap_0
set_instance_assignment -name POST_FIT_CONNECT_TO_SLD_NODE_ENTITY_PORT crc[18] -to auto_signaltap_0|gnd -section_id auto_signaltap_0
set_instance_assignment -name POST_FIT_CONNECT_TO_SLD_NODE_ENTITY_PORT crc[23] -to auto_signaltap_0|gnd -section_id auto_signaltap_0
set_instance_assignment -name POST_FIT_CONNECT_TO_SLD_NODE_ENTITY_PORT crc[10] -to auto_signaltap_0|vcc -section_id auto_signaltap_0
set_instance_assignment -name POST_FIT_CONNECT_TO_SLD_NODE_ENTITY_PORT crc[24] -to auto_signaltap_0|vcc -section_id auto_signaltap_0
set_instance_assignment -name POST_FIT_CONNECT_TO_SLD_NODE_ENTITY_PORT crc[29] -to auto_signaltap_0|gnd -section_id auto_signaltap_0
set_instance_assignment -name POST_FIT_CONNECT_TO_SLD_NODE_ENTITY_PORT crc[31] -to auto_signaltap_0|vcc -section_id auto_signaltap_0
set_instance_assignment -name CONNECT_TO_SLD_NODE_ENTITY_PORT acq_data_in[0] -to "conv_signed:conv_u2s_inst|reg_sdata[0]" -section_id auto_signaltap_0
set_instance_assignment -name CONNECT_TO_SLD_NODE_ENTITY_PORT acq_data_in[1] -to "conv_signed:conv_u2s_inst|reg_sdata[10]" -section_id auto_signaltap_0
set_instance_assignment -name CONNECT_TO_SLD_NODE_ENTITY_PORT acq_data_in[2] -to "conv_signed:conv_u2s_inst|reg_sdata[11]" -section_id auto_signaltap_0
set_instance_assignment -name CONNECT_TO_SLD_NODE_ENTITY_PORT acq_data_in[3] -to "conv_signed:conv_u2s_inst|reg_sdata[1]" -section_id auto_signaltap_0
set_instance_assignment -name CONNECT_TO_SLD_NODE_ENTITY_PORT acq_data_in[4] -to "conv_signed:conv_u2s_inst|reg_sdata[2]" -section_id auto_signaltap_0
set_instance_assignment -name CONNECT_TO_SLD_NODE_ENTITY_PORT acq_data_in[5] -to "conv_signed:conv_u2s_inst|reg_sdata[3]" -section_id auto_signaltap_0
set_instance_assignment -name CONNECT_TO_SLD_NODE_ENTITY_PORT acq_data_in[6] -to "conv_signed:conv_u2s_inst|reg_sdata[4]" -section_id auto_signaltap_0
set_instance_assignment -name CONNECT_TO_SLD_NODE_ENTITY_PORT acq_data_in[7] -to "conv_signed:conv_u2s_inst|reg_sdata[5]" -section_id auto_signaltap_0
set_instance_assignment -name CONNECT_TO_SLD_NODE_ENTITY_PORT acq_data_in[8] -to "conv_signed:conv_u2s_inst|reg_sdata[6]" -section_id auto_signaltap_0
set_instance_assignment -name CONNECT_TO_SLD_NODE_ENTITY_PORT acq_data_in[9] -to "conv_signed:conv_u2s_inst|reg_sdata[7]" -section_id auto_signaltap_0
set_instance_assignment -name CONNECT_TO_SLD_NODE_ENTITY_PORT acq_data_in[10] -to "conv_signed:conv_u2s_inst|reg_sdata[8]" -section_id auto_signaltap_0
set_instance_assignment -name CONNECT_TO_SLD_NODE_ENTITY_PORT acq_data_in[11] -to "conv_signed:conv_u2s_inst|reg_sdata[9]" -section_id auto_signaltap_0
set_instance_assignment -name CONNECT_TO_SLD_NODE_ENTITY_PORT acq_data_in[12] -to "lpf_28tap:lpf_inst|out_reg[0]" -section_id auto_signaltap_0
set_instance_assignment -name CONNECT_TO_SLD_NODE_ENTITY_PORT acq_data_in[13] -to "lpf_28tap:lpf_inst|out_reg[10]" -section_id auto_signaltap_0
set_instance_assignment -name CONNECT_TO_SLD_NODE_ENTITY_PORT acq_data_in[14] -to "lpf_28tap:lpf_inst|out_reg[11]" -section_id auto_signaltap_0
set_instance_assignment -name CONNECT_TO_SLD_NODE_ENTITY_PORT acq_data_in[15] -to "lpf_28tap:lpf_inst|out_reg[12]" -section_id auto_signaltap_0
set_instance_assignment -name CONNECT_TO_SLD_NODE_ENTITY_PORT acq_data_in[16] -to "lpf_28tap:lpf_inst|out_reg[13]" -section_id auto_signaltap_0
set_instance_assignment -name CONNECT_TO_SLD_NODE_ENTITY_PORT acq_data_in[17] -to "lpf_28tap:lpf_inst|out_reg[14]" -section_id auto_signaltap_0
set_instance_assignment -name CONNECT_TO_SLD_NODE_ENTITY_PORT acq_data_in[18] -to "lpf_28tap:lpf_inst|out_reg[15]" -section_id auto_signaltap_0
set_instance_assignment -name CONNECT_TO_SLD_NODE_ENTITY_PORT acq_data_in[19] -to "lpf_28tap:lpf_inst|out_reg[1]" -section_id auto_signaltap_0
set_instance_assignment -name CONNECT_TO_SLD_NODE_ENTITY_PORT acq_data_in[20] -to "lpf_28tap:lpf_inst|out_reg[2]" -section_id auto_signaltap_0
set_instance_assignment -name CONNECT_TO_SLD_NODE_ENTITY_PORT acq_data_in[21] -to "lpf_28tap:lpf_inst|out_reg[3]" -section_id auto_signaltap_0
set_instance_assignment -name CONNECT_TO_SLD_NODE_ENTITY_PORT acq_data_in[22] -to "lpf_28tap:lpf_inst|out_reg[4]" -section_id auto_signaltap_0
set_instance_assignment -name CONNECT_TO_SLD_NODE_ENTITY_PORT acq_data_in[23] -to "lpf_28tap:lpf_inst|out_reg[5]" -section_id auto_signaltap_0
set_instance_assignment -name CONNECT_TO_SLD_NODE_ENTITY_PORT acq_data_in[24] -to "lpf_28tap:lpf_inst|out_reg[6]" -section_id auto_signaltap_0
set_instance_assignment -name CONNECT_TO_SLD_NODE_ENTITY_PORT acq_data_in[25] -to "lpf_28tap:lpf_inst|out_reg[7]" -section_id auto_signaltap_0
set_instance_assignment -name CONNECT_TO_SLD_NODE_ENTITY_PORT acq_data_in[26] -to "lpf_28tap:lpf_inst|out_reg[8]" -section_id auto_signaltap_0
set_instance_assignment -name CONNECT_TO_SLD_NODE_ENTITY_PORT acq_data_in[27] -to "lpf_28tap:lpf_inst|out_reg[9]" -section_id auto_signaltap_0
set_instance_assignment -name CONNECT_TO_SLD_NODE_ENTITY_PORT acq_data_in[28] -to raw_adc[0] -section_id auto_signaltap_0
set_instance_assignment -name CONNECT_TO_SLD_NODE_ENTITY_PORT acq_data_in[29] -to raw_adc[10] -section_id auto_signaltap_0
set_instance_assignment -name CONNECT_TO_SLD_NODE_ENTITY_PORT acq_data_in[30] -to raw_adc[11] -section_id auto_signaltap_0
set_instance_assignment -name CONNECT_TO_SLD_NODE_ENTITY_PORT acq_data_in[31] -to raw_adc[1] -section_id auto_signaltap_0
set_instance_assignment -name CONNECT_TO_SLD_NODE_ENTITY_PORT acq_data_in[32] -to raw_adc[2] -section_id auto_signaltap_0
set_instance_assignment -name CONNECT_TO_SLD_NODE_ENTITY_PORT acq_data_in[33] -to raw_adc[3] -section_id auto_signaltap_0
set_instance_assignment -name CONNECT_TO_SLD_NODE_ENTITY_PORT acq_data_in[34] -to raw_adc[4] -section_id auto_signaltap_0
set_instance_assignment -name CONNECT_TO_SLD_NODE_ENTITY_PORT acq_data_in[35] -to raw_adc[5] -section_id auto_signaltap_0
set_instance_assignment -name CONNECT_TO_SLD_NODE_ENTITY_PORT acq_data_in[36] -to raw_adc[6] -section_id auto_signaltap_0
set_instance_assignment -name CONNECT_TO_SLD_NODE_ENTITY_PORT acq_data_in[37] -to raw_adc[7] -section_id auto_signaltap_0
set_instance_assignment -name CONNECT_TO_SLD_NODE_ENTITY_PORT acq_data_in[38] -to raw_adc[8] -section_id auto_signaltap_0
set_instance_assignment -name CONNECT_TO_SLD_NODE_ENTITY_PORT acq_data_in[39] -to raw_adc[9] -section_id auto_signaltap_0
set_global_assignment -name SLD_NODE_PARAMETER_ASSIGNMENT "SLD_DATA_BITS=52" -section_id auto_signaltap_0
set_global_assignment -name SLD_NODE_PARAMETER_ASSIGNMENT "SLD_TRIGGER_BITS=12" -section_id auto_signaltap_0
set_global_assignment -name SLD_NODE_PARAMETER_ASSIGNMENT "SLD_STORAGE_QUALIFIER_BITS=64" -section_id auto_signaltap_0
set_global_assignment -name SLD_NODE_PARAMETER_ASSIGNMENT "SLD_INVERSION_MASK=0000000000000000000000000000000000000000000000000000000000000" -section_id auto_signaltap_0
set_global_assignment -name SLD_NODE_PARAMETER_ASSIGNMENT "SLD_INVERSION_MASK_LENGTH=61" -section_id auto_signaltap_0
set_instance_assignment -name POST_FIT_CONNECT_TO_SLD_NODE_ENTITY_PORT crc[1] -to auto_signaltap_0|gnd -section_id auto_signaltap_0
set_instance_assignment -name POST_FIT_CONNECT_TO_SLD_NODE_ENTITY_PORT crc[3] -to auto_signaltap_0|vcc -section_id auto_signaltap_0
set_instance_assignment -name POST_FIT_CONNECT_TO_SLD_NODE_ENTITY_PORT crc[13] -to auto_signaltap_0|vcc -section_id auto_signaltap_0
set_instance_assignment -name POST_FIT_CONNECT_TO_SLD_NODE_ENTITY_PORT crc[15] -to auto_signaltap_0|gnd -section_id auto_signaltap_0
set_instance_assignment -name POST_FIT_CONNECT_TO_SLD_NODE_ENTITY_PORT crc[21] -to auto_signaltap_0|gnd -section_id auto_signaltap_0
set_instance_assignment -name POST_FIT_CONNECT_TO_SLD_NODE_ENTITY_PORT crc[22] -to auto_signaltap_0|vcc -section_id auto_signaltap_0
set_instance_assignment -name POST_FIT_CONNECT_TO_SLD_NODE_ENTITY_PORT crc[26] -to auto_signaltap_0|gnd -section_id auto_signaltap_0
set_instance_assignment -name POST_FIT_CONNECT_TO_SLD_NODE_ENTITY_PORT crc[27] -to auto_signaltap_0|gnd -section_id auto_signaltap_0
set_instance_assignment -name POST_FIT_CONNECT_TO_SLD_NODE_ENTITY_PORT crc[28] -to auto_signaltap_0|vcc -section_id auto_signaltap_0
set_instance_assignment -name POST_FIT_CONNECT_TO_SLD_NODE_ENTITY_PORT crc[30] -to auto_signaltap_0|gnd -section_id auto_signaltap_0
set_instance_assignment -name CONNECT_TO_SLD_NODE_ENTITY_PORT acq_data_in[40] -to "zero_offset:z_ofs_inst|reg_out[0]" -section_id auto_signaltap_0
set_instance_assignment -name CONNECT_TO_SLD_NODE_ENTITY_PORT acq_data_in[41] -to "zero_offset:z_ofs_inst|reg_out[10]" -section_id auto_signaltap_0
set_instance_assignment -name CONNECT_TO_SLD_NODE_ENTITY_PORT acq_data_in[42] -to "zero_offset:z_ofs_inst|reg_out[11]" -section_id auto_signaltap_0
set_instance_assignment -name CONNECT_TO_SLD_NODE_ENTITY_PORT acq_data_in[43] -to "zero_offset:z_ofs_inst|reg_out[1]" -section_id auto_signaltap_0
set_instance_assignment -name CONNECT_TO_SLD_NODE_ENTITY_PORT acq_data_in[44] -to "zero_offset:z_ofs_inst|reg_out[2]" -section_id auto_signaltap_0
set_instance_assignment -name CONNECT_TO_SLD_NODE_ENTITY_PORT acq_data_in[45] -to "zero_offset:z_ofs_inst|reg_out[3]" -section_id auto_signaltap_0
set_instance_assignment -name CONNECT_TO_SLD_NODE_ENTITY_PORT acq_data_in[46] -to "zero_offset:z_ofs_inst|reg_out[4]" -section_id auto_signaltap_0
set_instance_assignment -name CONNECT_TO_SLD_NODE_ENTITY_PORT acq_data_in[47] -to "zero_offset:z_ofs_inst|reg_out[5]" -section_id auto_signaltap_0
set_instance_assignment -name CONNECT_TO_SLD_NODE_ENTITY_PORT acq_data_in[48] -to "zero_offset:z_ofs_inst|reg_out[6]" -section_id auto_signaltap_0
set_instance_assignment -name CONNECT_TO_SLD_NODE_ENTITY_PORT acq_data_in[49] -to "zero_offset:z_ofs_inst|reg_out[7]" -section_id auto_signaltap_0
set_instance_assignment -name CONNECT_TO_SLD_NODE_ENTITY_PORT acq_data_in[50] -to "zero_offset:z_ofs_inst|reg_out[8]" -section_id auto_signaltap_0
set_instance_assignment -name CONNECT_TO_SLD_NODE_ENTITY_PORT acq_data_in[51] -to "zero_offset:z_ofs_inst|reg_out[9]" -section_id auto_signaltap_0
set_instance_assignment -name POST_FIT_CONNECT_TO_SLD_NODE_ENTITY_PORT crc[7] -to auto_signaltap_0|vcc -section_id auto_signaltap_0
set_global_assignment -name VHDL_FILE utils.vhd
set_global_assignment -name VHDL_FILE prfx1_test03_rx.vhd
set_global_assignment -name SDC_FILE prfx1_test03_rx.sdc
set_global_assignment -name SIGNALTAP_FILE prfx1_test03_rx.stp
set_global_assignment -name QIP_FILE pll.qip
set_global_assignment -name VHDL_FILE input_data.vhd
set_global_assignment -name VHDL_FILE sync_data.vhd
set_global_assignment -name VHDL_FILE output_data.vhd
set_global_assignment -name VHDL_FILE lpf.vhd
set_global_assignment -name VHDL_FILE spi_init.vhd
set_global_assignment -name SLD_FILE db/prfx1_test03_rx_auto_stripped.stp
set_instance_assignment -name PARTITION_HIERARCHY root_partition -to | -section_id Top